
Microsoft Visual Studio Solution File, Format Version 12.00
# Visual Studio Version 17
VisualStudioVersion = 17.10.35004.147
MinimumVisualStudioVersion = 10.0.40219.1
Project("{FAE04EC0-301F-11D3-BF4B-00C04F79EFBC}") = "Module_4_11", "Module_4_11\Module_4_11.csproj", "{4E4F924C-532A-4FF9-8DDD-6D4CA626DB26}"
EndProject
Global
	GlobalSection(SolutionConfigurationPlatforms) = preSolution
		Debug|Any CPU = Debug|Any CPU
		Release|Any CPU = Release|Any CPU
	EndGlobalSection
	GlobalSection(ProjectConfigurationPlatforms) = postSolution
		{4E4F924C-532A-4FF9-8DDD-6D4CA626DB26}.Debug|Any CPU.ActiveCfg = Debug|Any CPU
		{4E4F924C-532A-4FF9-8DDD-6D4CA626DB26}.Debug|Any CPU.Build.0 = Debug|Any CPU
		{4E4F924C-532A-4FF9-8DDD-6D4CA626DB26}.Release|Any CPU.ActiveCfg = Release|Any CPU
		{4E4F924C-532A-4FF9-8DDD-6D4CA626DB26}.Release|Any CPU.Build.0 = Release|Any CPU
	EndGlobalSection
	GlobalSection(SolutionProperties) = preSolution
		HideSolutionNode = FALSE
	EndGlobalSection
	GlobalSection(ExtensibilityGlobals) = postSolution
		SolutionGuid = {ACA074D7-4538-40B4-9126-946DC81547A1}
	EndGlobalSection
EndGlobal
